<Solution>
  <Folder Name="/CrystalTemplate/">
    <Project Path="CrystalTemplate/CrystalTemplate/CrystalTemplate.csproj" />
  </Folder>
  <Folder Name="/CrystalTemplate/TemplateContent/">
    <File Path="Crystal.AvaloniaExample/Directory.Packages.props" />
    <File Path="CrystalTemplate/TemplateContent/TemplateContent/.editorconfig" />
    <Project Path="CrystalTemplate/TemplateContent/TemplateContent.Android/TemplateContent.Android.csproj">
      <Deploy />
    </Project>
    <Project Path="CrystalTemplate/TemplateContent/TemplateContent.Browser/TemplateContent.Browser.csproj" />
    <Project Path="CrystalTemplate/TemplateContent/TemplateContent.Desktop/TemplateContent.Desktop.csproj" />
    <Project Path="CrystalTemplate/TemplateContent/TemplateContent.iOS/TemplateContent.iOS.csproj">
      <Deploy />
    </Project>
    <Project Path="CrystalTemplate/TemplateContent/TemplateContent/TemplateContent.csproj" />
  </Folder>
  <Folder Name="/Example/">
    <Project Path="Crystal.AvaloniaExample/Crystal.AvaloniaExample.Android/Crystal.AvaloniaExample.Android.csproj" Id="a0e2ad81-8e4b-48e1-94ad-b54d8a23c6a5">
      <Deploy />
    </Project>
    <Project Path="Crystal.AvaloniaExample/Crystal.AvaloniaExample.Browser/Crystal.AvaloniaExample.Browser.csproj" Id="4e6802a9-688d-48ea-9325-065e392a381e" />
    <Project Path="Crystal.AvaloniaExample/Crystal.AvaloniaExample.Desktop/Crystal.AvaloniaExample.Desktop.csproj" Id="e83cf53d-568d-4d50-bdab-275284f2c827" />
    <Project Path="Crystal.AvaloniaExample/Crystal.AvaloniaExample.iOS/Crystal.AvaloniaExample.iOS.csproj" Id="6a2a63cd-e277-4b30-87b3-cf19056f24c0">
      <Deploy />
    </Project>
    <Project Path="Crystal.AvaloniaExample/Crystal.AvaloniaExample/Crystal.AvaloniaExample.csproj" Id="e6a6d13c-2025-49f7-baf8-15e15534bde9" />
    <Project Path="Crystal.AvaloniaExample/ShareBaseClass/ShareContract.csproj" />
  </Folder>
  <Folder Name="/Example/Modules/">
    <Project Path="Crystal.AvaloniaExample/ModuleA/ModuleAExample.csproj" />
    <Project Path="Crystal.AvaloniaExample/ModuleB/ModuleBExample.csproj" />
  </Folder>
  <Folder Name="/解决方案项/">
    <File Path="Directory.Packages.props" />
  </Folder>
  <Project Path="Crystal.Avalonia/Crystal.Avalonia.csproj" Id="65e2481a-6fad-4733-b4cb-61b6fe52c9f2" />
</Solution>
